
Microsoft Visual Studio Solution File, Format Version 12.00
# Visual Studio Version 17
VisualStudioVersion = 17.8.34330.188
MinimumVisualStudioVersion = 10.0.40219.1
Project("{FAE04EC0-301F-11D3-BF4B-00C04F79EFBC}") = "PVUkol", "PVUkol\PVUkol.csproj", "{EE2DA6C9-3ADA-4F93-B3FD-06D002808952}"
EndProject
Global
	GlobalSection(SolutionConfigurationPlatforms) = preSolution
		Debug|Any CPU = Debug|Any CPU
		Release|Any CPU = Release|Any CPU
	EndGlobalSection
	GlobalSection(ProjectConfigurationPlatforms) = postSolution
		{EE2DA6C9-3ADA-4F93-B3FD-06D002808952}.Debug|Any CPU.ActiveCfg = Debug|Any CPU
		{EE2DA6C9-3ADA-4F93-B3FD-06D002808952}.Debug|Any CPU.Build.0 = Debug|Any CPU
		{EE2DA6C9-3ADA-4F93-B3FD-06D002808952}.Release|Any CPU.ActiveCfg = Release|Any CPU
		{EE2DA6C9-3ADA-4F93-B3FD-06D002808952}.Release|Any CPU.Build.0 = Release|Any CPU
	EndGlobalSection
	GlobalSection(SolutionProperties) = preSolution
		HideSolutionNode = FALSE
	EndGlobalSection
	GlobalSection(ExtensibilityGlobals) = postSolution
		SolutionGuid = {4106D03E-F5CD-41D9-AE3C-405D14CE71C8}
	EndGlobalSection
EndGlobal
